{
    "name": "io.cronapp.app",
    "version": "1.0.0",
    "lockfileVersion": 1,
    "requires": true,
    "dependencies": {
        "phonegap-plugin-barcodescanner": {
            "version": "7.0.0",
            "resolved": "https://registry.npmjs.org/phonegap-plugin-barcodescanner/-/phonegap-plugin-barcodescanner-7.0.0.tgz",
            "integrity": "sha1-OGjCE2FIn6Dt+GujHYe8G95pVUs="
        }
    }
}
